
Microsoft Visual Studio Solution File, Format Version 12.00
# Visual Studio Version 16
VisualStudioVersion = 16.0.30204.135
MinimumVisualStudioVersion = 10.0.40219.1
Project("{FAE04EC0-301F-11D3-BF4B-00C04F79EFBC}") = "Sample.DefaultVersion.Api", "Sample.DefaultVersion.Api\Sample.DefaultVersion.Api.csproj", "{260EDEF4-8252-414A-8DB3-B26605FABA59}"
EndProject
Global
	GlobalSection(SolutionConfigurationPlatforms) = preSolution
		Debug|Any CPU = Debug|Any CPU
		Release|Any CPU = Release|Any CPU
	EndGlobalSection
	GlobalSection(ProjectConfigurationPlatforms) = postSolution
		{260EDEF4-8252-414A-8DB3-B26605FABA59}.Debug|Any CPU.ActiveCfg = Debug|Any CPU
		{260EDEF4-8252-414A-8DB3-B26605FABA59}.Debug|Any CPU.Build.0 = Debug|Any CPU
		{260EDEF4-8252-414A-8DB3-B26605FABA59}.Release|Any CPU.ActiveCfg = Release|Any CPU
		{260EDEF4-8252-414A-8DB3-B26605FABA59}.Release|Any CPU.Build.0 = Release|Any CPU
	EndGlobalSection
	GlobalSection(SolutionProperties) = preSolution
		HideSolutionNode = FALSE
	EndGlobalSection
	GlobalSection(ExtensibilityGlobals) = postSolution
		SolutionGuid = {D10FC1E6-E9B9-4F78-B232-F451C3DC674C}
	EndGlobalSection
EndGlobal
